// !$*UTF8*$!
{
	archiveVersion = 1;
	classes = {
	};
	objectVersion = 46;
	objects = {

/* Begin PBXBuildFile section */
		0C00CF61C54B4D1391CAB4A6 /* libPods-NXVLogFormatterSample.a in Frameworks */ = {isa = PBXBuildFile; fileRef = 7E08B0EF609E4E099F27A105 /* libPods-NXVLogFormatterSample.a */; };
		1F7794E518516C9A004C07BB /* Foundation.framework in Frameworks */ = {isa = PBXBuildFile; fileRef = 1F7794E418516C9A004C07BB /* Foundation.framework */; };
		1F7794E718516C9A004C07BB /* CoreGraphics.framework in Frameworks */ = {isa = PBXBuildFile; fileRef = 1F7794E618516C9A004C07BB /* CoreGraphics.framework */; };
		1F7794E918516C9A004C07BB /* UIKit.framework in Frameworks */ = {isa = PBXBuildFile; fileRef = 1F7794E818516C9A004C07BB /* UIKit.framework */; };
		1F7794EF18516C9A004C07BB /* InfoPlist.strings in Resources */ = {isa = PBXBuildFile; fileRef = 1F7794ED18516C9A004C07BB /* InfoPlist.strings */; };
		1F7794F118516C9A004C07BB /* main.m in Sources */ = {isa = PBXBuildFile; fileRef = 1F7794F018516C9A004C07BB /* main.m */; };
		1F7794F518516C9A004C07BB /* NXVAppDelegate.m in Sources */ = {isa = PBXBuildFile; fileRef = 1F7794F418516C9A004C07BB /* NXVAppDelegate.m */; };
		1F7794F718516C9A004C07BB /* Images.xcassets in Resources */ = {isa = PBXBuildFile; fileRef = 1F7794F618516C9A004C07BB /* Images.xcassets */; };
		1F7794FE18516C9B004C07BB /* XCTest.framework in Frameworks */ = {isa = PBXBuildFile; fileRef = 1F7794FD18516C9B004C07BB /* XCTest.framework */; };
		1F7794FF18516C9B004C07BB /* Foundation.framework in Frameworks */ = {isa = PBXBuildFile; fileRef = 1F7794E418516C9A004C07BB /* Foundation.framework */; };
		1F77950018516C9B004C07BB /* UIKit.framework in Frameworks */ = {isa = PBXBuildFile; fileRef = 1F7794E818516C9A004C07BB /* UIKit.framework */; };
		1F77950818516C9B004C07BB /* InfoPlist.strings in Resources */ = {isa = PBXBuildFile; fileRef = 1F77950618516C9B004C07BB /* InfoPlist.strings */; };
		1F77950A18516C9B004C07BB /* NXVLogFormatterSampleTests.m in Sources */ = {isa = PBXBuildFile; fileRef = 1F77950918516C9B004C07BB /* NXVLogFormatterSampleTests.m */; };
/* End PBXBuildFile section */

/* Begin PBXContainerItemProxy section */
		1F77950118516C9B004C07BB /* PBXContainerItemProxy */ = {
			isa = PBXContainerItemProxy;
			containerPortal = 1F7794D918516C9A004C07BB /* Project object */;
			proxyType = 1;
			remoteGlobalIDString = 1F7794E018516C9A004C07BB;
			remoteInfo = NXVLogFormatterSample;
		};
/* End PBXContainerItemProxy section */

/* Begin PBXFileReference section */
		1F7794E118516C9A004C07BB /* NXVLogFormatterSample.app */ = {isa = PBXFileReference; explicitFileType = wrapper.application; includeInIndex = 0; path = NXVLogFormatterSample.app; sourceTree = BUILT_PRODUCTS_DIR; };
		1F7794E418516C9A004C07BB /* Foundation.framework */ = {isa = PBXFileReference; lastKnownFileType = wrapper.framework; name = Foundation.framework; path = System/Library/Frameworks/Foundation.framework; sourceTree = SDKROOT; };
		1F7794E618516C9A004C07BB /* CoreGraphics.framework */ = {isa = PBXFileReference; lastKnownFileType = wrapper.framework; name = CoreGraphics.framework; path = System/Library/Frameworks/CoreGraphics.framework; sourceTree = SDKROOT; };
		1F7794E818516C9A004C07BB /* UIKit.framework */ = {isa = PBXFileReference; lastKnownFileType = wrapper.framework; name = UIKit.framework; path = System/Library/Frameworks/UIKit.framework; sourceTree = SDKROOT; };
		1F7794EC18516C9A004C07BB /* NXVLogFormatterSample-Info.plist */ = {isa = PBXFileReference; lastKnownFileType = text.plist.xml; path = "NXVLogFormatterSample-Info.plist"; sourceTree = "<group>"; };
		1F7794EE18516C9A004C07BB /* en */ = {isa = PBXFileReference; lastKnownFileType = text.plist.strings; name = en; path = en.lproj/InfoPlist.strings; sourceTree = "<group>"; };
		1F7794F018516C9A004C07BB /* main.m */ = {isa = PBXFileReference; lastKnownFileType = sourcecode.c.objc; path = main.m; sourceTree = "<group>"; };
		1F7794F218516C9A004C07BB /* NXVLogFormatterSample-Prefix.pch */ = {isa = PBXFileReference; lastKnownFileType = sourcecode.c.h; path = "NXVLogFormatterSample-Prefix.pch"; sourceTree = "<group>"; };
		1F7794F318516C9A004C07BB /* NXVAppDelegate.h */ = {isa = PBXFileReference; lastKnownFileType = sourcecode.c.h; path = NXVAppDelegate.h; sourceTree = "<group>"; };
		1F7794F418516C9A004C07BB /* NXVAppDelegate.m */ = {isa = PBXFileReference; lastKnownFileType = sourcecode.c.objc; path = NXVAppDelegate.m; sourceTree = "<group>"; };
		1F7794F618516C9A004C07BB /* Images.xcassets */ = {isa = PBXFileReference; lastKnownFileType = folder.assetcatalog; path = Images.xcassets; sourceTree = "<group>"; };
		1F7794FC18516C9B004C07BB /* NXVLogFormatterSampleTests.xctest */ = {isa = PBXFileReference; explicitFileType = wrapper.cfbundle; includeInIndex = 0; path = NXVLogFormatterSampleTests.xctest; sourceTree = BUILT_PRODUCTS_DIR; };
		1F7794FD18516C9B004C07BB /* XCTest.framework */ = {isa = PBXFileReference; lastKnownFileType = wrapper.framework; name = XCTest.framework; path = Library/Frameworks/XCTest.framework; sourceTree = DEVELOPER_DIR; };
		1F77950518516C9B004C07BB /* NXVLogFormatterSampleTests-Info.plist */ = {isa = PBXFileReference; lastKnownFileType = text.plist.xml; path = "NXVLogFormatterSampleTests-Info.plist"; sourceTree = "<group>"; };
		1F77950718516C9B004C07BB /* en */ = {isa = PBXFileReference; lastKnownFileType = text.plist.strings; name = en; path = en.lproj/InfoPlist.strings; sourceTree = "<group>"; };
		1F77950918516C9B004C07BB /* NXVLogFormatterSampleTests.m */ = {isa = PBXFileReference; lastKnownFileType = sourcecode.c.objc; path = NXVLogFormatterSampleTests.m; sourceTree = "<group>"; };
		1F77951718517A68004C07BB /* Logging.h */ = {isa = PBXFileReference; lastKnownFileType = sourcecode.c.h; path = Logging.h; sourceTree = "<group>"; };
		1F77951E18517AE8004C07BB /* main.c */ = {isa = PBXFileReference; lastKnownFileType = sourcecode.c.c; path = main.c; sourceTree = "<group>"; };
		1F77952018517AE8004C07BB /* NXVLogFormatterSmapleTest.1 */ = {isa = PBXFileReference; lastKnownFileType = text.man; path = NXVLogFormatterSmapleTest.1; sourceTree = "<group>"; };
		681022C31FC247ED98F2E63D /* Pods-NXVLogFormatterSample.xcconfig */ = {isa = PBXFileReference; includeInIndex = 1; lastKnownFileType = text.xcconfig; name = "Pods-NXVLogFormatterSample.xcconfig"; path = "Pods/Pods-NXVLogFormatterSample.xcconfig"; sourceTree = "<group>"; };
		7E08B0EF609E4E099F27A105 /* libPods-NXVLogFormatterSample.a */ = {isa = PBXFileReference; explicitFileType = archive.ar; includeInIndex = 0; path = "libPods-NXVLogFormatterSample.a"; sourceTree = BUILT_PRODUCTS_DIR; };
/* End PBXFileReference section */

/* Begin PBXFrameworksBuildPhase section */
		1F7794DE18516C9A004C07BB /* Frameworks */ = {
			isa = PBXFrameworksBuildPhase;
			buildActionMask = 2147483647;
			files = (
				1F7794E718516C9A004C07BB /* CoreGraphics.framework in Frameworks */,
				1F7794E918516C9A004C07BB /* UIKit.framework in Frameworks */,
				1F7794E518516C9A004C07BB /* Foundation.framework in Frameworks */,
				0C00CF61C54B4D1391CAB4A6 /* libPods-NXVLogFormatterSample.a in Frameworks */,
			);
			runOnlyForDeploymentPostprocessing = 0;
		};
		1F7794F918516C9B004C07BB /* Frameworks */ = {
			isa = PBXFrameworksBuildPhase;
			buildActionMask = 2147483647;
			files = (
				1F7794FE18516C9B004C07BB /* XCTest.framework in Frameworks */,
				1F77950018516C9B004C07BB /* UIKit.framework in Frameworks */,
				1F7794FF18516C9B004C07BB /* Foundation.framework in Frameworks */,
			);
			runOnlyForDeploymentPostprocessing = 0;
		};
/* End PBXFrameworksBuildPhase section */

/* Begin PBXGroup section */
		1F7794D818516C9A004C07BB = {
			isa = PBXGroup;
			children = (
				1F7794EA18516C9A004C07BB /* NXVLogFormatterSample */,
				1F77950318516C9B004C07BB /* NXVLogFormatterSampleTests */,
				1F77951D18517AE8004C07BB /* NXVLogFormatterSmapleTest */,
				1F7794E318516C9A004C07BB /* Frameworks */,
				1F7794E218516C9A004C07BB /* Products */,
				681022C31FC247ED98F2E63D /* Pods-NXVLogFormatterSample.xcconfig */,
			);
			sourceTree = "<group>";
		};
		1F7794E218516C9A004C07BB /* Products */ = {
			isa = PBXGroup;
			children = (
				1F7794E118516C9A004C07BB /* NXVLogFormatterSample.app */,
				1F7794FC18516C9B004C07BB /* NXVLogFormatterSampleTests.xctest */,
			);
			name = Products;
			sourceTree = "<group>";
		};
		1F7794E318516C9A004C07BB /* Frameworks */ = {
			isa = PBXGroup;
			children = (
				1F7794E418516C9A004C07BB /* Foundation.framework */,
				1F7794E618516C9A004C07BB /* CoreGraphics.framework */,
				1F7794E818516C9A004C07BB /* UIKit.framework */,
				1F7794FD18516C9B004C07BB /* XCTest.framework */,
				7E08B0EF609E4E099F27A105 /* libPods-NXVLogFormatterSample.a */,
			);
			name = Frameworks;
			sourceTree = "<group>";
		};
		1F7794EA18516C9A004C07BB /* NXVLogFormatterSample */ = {
			isa = PBXGroup;
			children = (
				1F7794F318516C9A004C07BB /* NXVAppDelegate.h */,
				1F7794F418516C9A004C07BB /* NXVAppDelegate.m */,
				1F7794F618516C9A004C07BB /* Images.xcassets */,
				1F7794EB18516C9A004C07BB /* Supporting Files */,
			);
			path = NXVLogFormatterSample;
			sourceTree = "<group>";
		};
		1F7794EB18516C9A004C07BB /* Supporting Files */ = {
			isa = PBXGroup;
			children = (
				1F7794EC18516C9A004C07BB /* NXVLogFormatterSample-Info.plist */,
				1F7794ED18516C9A004C07BB /* InfoPlist.strings */,
				1F7794F018516C9A004C07BB /* main.m */,
				1F7794F218516C9A004C07BB /* NXVLogFormatterSample-Prefix.pch */,
				1F77951718517A68004C07BB /* Logging.h */,
			);
			name = "Supporting Files";
			sourceTree = "<group>";
		};
		1F77950318516C9B004C07BB /* NXVLogFormatterSampleTests */ = {
			isa = PBXGroup;
			children = (
				1F77950918516C9B004C07BB /* NXVLogFormatterSampleTests.m */,
				1F77950418516C9B004C07BB /* Supporting Files */,
			);
			path = NXVLogFormatterSampleTests;
			sourceTree = "<group>";
		};
		1F77950418516C9B004C07BB /* Supporting Files */ = {
			isa = PBXGroup;
			children = (
				1F77950518516C9B004C07BB /* NXVLogFormatterSampleTests-Info.plist */,
				1F77950618516C9B004C07BB /* InfoPlist.strings */,
			);
			name = "Supporting Files";
			sourceTree = "<group>";
		};
		1F77951D18517AE8004C07BB /* NXVLogFormatterSmapleTest */ = {
			isa = PBXGroup;
			children = (
				1F77951E18517AE8004C07BB /* main.c */,
				1F77952018517AE8004C07BB /* NXVLogFormatterSmapleTest.1 */,
			);
			path = NXVLogFormatterSmapleTest;
			sourceTree = "<group>";
		};
/* End PBXGroup section */

/* Begin PBXNativeTarget section */
		1F7794E018516C9A004C07BB /* NXVLogFormatterSample */ = {
			isa = PBXNativeTarget;
			buildConfigurationList = 1F77950D18516C9B004C07BB /* Build configuration list for PBXNativeTarget "NXVLogFormatterSample" */;
			buildPhases = (
				94B38A8DC7F14EEEB11ADE90 /* Check Pods Manifest.lock */,
				1F7794DD18516C9A004C07BB /* Sources */,
				1F7794DE18516C9A004C07BB /* Frameworks */,
				1F7794DF18516C9A004C07BB /* Resources */,
				C23AED0C3C1848488BDA3B9C /* Copy Pods Resources */,
			);
			buildRules = (
			);
			dependencies = (
			);
			name = NXVLogFormatterSample;
			productName = NXVLogFormatterSample;
			productReference = 1F7794E118516C9A004C07BB /* NXVLogFormatterSample.app */;
			productType = "com.apple.product-type.application";
		};
		1F7794FB18516C9B004C07BB /* NXVLogFormatterSampleTests */ = {
			isa = PBXNativeTarget;
			buildConfigurationList = 1F77951018516C9B004C07BB /* Build configuration list for PBXNativeTarget "NXVLogFormatterSampleTests" */;
			buildPhases = (
				1F7794F818516C9B004C07BB /* Sources */,
				1F7794F918516C9B004C07BB /* Frameworks */,
				1F7794FA18516C9B004C07BB /* Resources */,
			);
			buildRules = (
			);
			dependencies = (
				1F77950218516C9B004C07BB /* PBXTargetDependency */,
			);
			name = NXVLogFormatterSampleTests;
			productName = NXVLogFormatterSampleTests;
			productReference = 1F7794FC18516C9B004C07BB /* NXVLogFormatterSampleTests.xctest */;
			productType = "com.apple.product-type.bundle.unit-test";
		};
/* End PBXNativeTarget section */

/* Begin PBXProject section */
		1F7794D918516C9A004C07BB /* Project object */ = {
			isa = PBXProject;
			attributes = {
				CLASSPREFIX = NXV;
				LastUpgradeCheck = 0500;
				ORGANIZATIONNAME = "Vinh Nguyen";
				TargetAttributes = {
					1F7794FB18516C9B004C07BB = {
						TestTargetID = 1F7794E018516C9A004C07BB;
					};
				};
			};
			buildConfigurationList = 1F7794DC18516C9A004C07BB /* Build configuration list for PBXProject "NXVLogFormatterSample" */;
			compatibilityVersion = "Xcode 3.2";
			developmentRegion = English;
			hasScannedForEncodings = 0;
			knownRegions = (
				en,
			);
			mainGroup = 1F7794D818516C9A004C07BB;
			productRefGroup = 1F7794E218516C9A004C07BB /* Products */;
			projectDirPath = "";
			projectRoot = "";
			targets = (
				1F7794E018516C9A004C07BB /* NXVLogFormatterSample */,
				1F7794FB18516C9B004C07BB /* NXVLogFormatterSampleTests */,
			);
		};
/* End PBXProject section */

/* Begin PBXResourcesBuildPhase section */
		1F7794DF18516C9A004C07BB /* Resources */ = {
			isa = PBXResourcesBuildPhase;
			buildActionMask = 2147483647;
			files = (
				1F7794EF18516C9A004C07BB /* InfoPlist.strings in Resources */,
				1F7794F718516C9A004C07BB /* Images.xcassets in Resources */,
			);
			runOnlyForDeploymentPostprocessing = 0;
		};
		1F7794FA18516C9B004C07BB /* Resources */ = {
			isa = PBXResourcesBuildPhase;
			buildActionMask = 2147483647;
			files = (
				1F77950818516C9B004C07BB /* InfoPlist.strings in Resources */,
			);
			runOnlyForDeploymentPostprocessing = 0;
		};
/* End PBXResourcesBuildPhase section */

/* Begin PBXShellScriptBuildPhase section */
		94B38A8DC7F14EEEB11ADE90 /* Check Pods Manifest.lock */ = {
			isa = PBXShellScriptBuildPhase;
			buildActionMask = 2147483647;
			files = (
			);
			inputPaths = (
			);
			name = "Check Pods Manifest.lock";
			outputPaths = (
			);
			runOnlyForDeploymentPostprocessing = 0;
			shellPath = /bin/sh;
			shellScript = "diff \"${PODS_ROOT}/../Podfile.lock\" \"${PODS_ROOT}/Manifest.lock\" > /dev/null\nif [[ $? != 0 ]] ; then\n    cat << EOM\nerror: The sandbox is not in sync with the Podfile.lock. Run 'pod install' or update your CocoaPods installation.\nEOM\n    exit 1\nfi\n";
			showEnvVarsInLog = 0;
		};
		C23AED0C3C1848488BDA3B9C /* Copy Pods Resources */ = {
			isa = PBXShellScriptBuildPhase;
			buildActionMask = 2147483647;
			files = (
			);
			inputPaths = (
			);
			name = "Copy Pods Resources";
			outputPaths = (
			);
			runOnlyForDeploymentPostprocessing = 0;
			shellPath = /bin/sh;
			shellScript = "\"${SRCROOT}/Pods/Pods-NXVLogFormatterSample-resources.sh\"\n";
			showEnvVarsInLog = 0;
		};
/* End PBXShellScriptBuildPhase section */

/* Begin PBXSourcesBuildPhase section */
		1F7794DD18516C9A004C07BB /* Sources */ = {
			isa = PBXSourcesBuildPhase;
			buildActionMask = 2147483647;
			files = (
				1F7794F118516C9A004C07BB /* main.m in Sources */,
				1F7794F518516C9A004C07BB /* NXVAppDelegate.m in Sources */,
			);
			runOnlyForDeploymentPostprocessing = 0;
		};
		1F7794F818516C9B004C07BB /* Sources */ = {
			isa = PBXSourcesBuildPhase;
			buildActionMask = 2147483647;
			files = (
				1F77950A18516C9B004C07BB /* NXVLogFormatterSampleTests.m in Sources */,
			);
			runOnlyForDeploymentPostprocessing = 0;
		};
/* End PBXSourcesBuildPhase section */

/* Begin PBXTargetDependency section */
		1F77950218516C9B004C07BB /* PBXTargetDependency */ = {
			isa = PBXTargetDependency;
			target = 1F7794E018516C9A004C07BB /* NXVLogFormatterSample */;
			targetProxy = 1F77950118516C9B004C07BB /* PBXContainerItemProxy */;
		};
/* End PBXTargetDependency section */

/* Begin PBXVariantGroup section */
		1F7794ED18516C9A004C07BB /* InfoPlist.strings */ = {
			isa = PBXVariantGroup;
			children = (
				1F7794EE18516C9A004C07BB /* en */,
			);
			name = InfoPlist.strings;
			sourceTree = "<group>";
		};
		1F77950618516C9B004C07BB /* InfoPlist.strings */ = {
			isa = PBXVariantGroup;
			children = (
				1F77950718516C9B004C07BB /* en */,
			);
			name = InfoPlist.strings;
			sourceTree = "<group>";
		};
/* End PBXVariantGroup section */

/* Begin XCBuildConfiguration section */
		1F77950B18516C9B004C07BB /* Debug */ = {
			isa = XCBuildConfiguration;
			buildSettings = {
				ALWAYS_SEARCH_USER_PATHS = NO;
				ARCHS = "$(ARCHS_STANDARD_INCLUDING_64_BIT)";
				CLANG_CXX_LANGUAGE_STANDARD = "gnu++0x";
				CLANG_CXX_LIBRARY = "libc++";
				CLANG_ENABLE_MODULES = YES;
				CLANG_ENABLE_OBJC_ARC = YES;
				CLANG_WARN_BOOL_CONVERSION = YES;
				CLANG_WARN_CONSTANT_CONVERSION = YES;
				CLANG_WARN_DIRECT_OBJC_ISA_USAGE = YES_ERROR;
				CLANG_WARN_EMPTY_BODY = YES;
				CLANG_WARN_ENUM_CONVERSION = YES;
				CLANG_WARN_INT_CONVERSION = YES;
				CLANG_WARN_OBJC_ROOT_CLASS = YES_ERROR;
				CLANG_WARN__DUPLICATE_METHOD_MATCH = YES;
				"CODE_SIGN_IDENTITY[sdk=iphoneos*]" = "iPhone Developer";
				COPY_PHASE_STRIP = NO;
				GCC_C_LANGUAGE_STANDARD = gnu99;
				GCC_DYNAMIC_NO_PIC = NO;
				GCC_OPTIMIZATION_LEVEL = 0;
				GCC_PREPROCESSOR_DEFINITIONS = (
					"DEBUG=1",
					"$(inherited)",
				);
				GCC_SYMBOLS_PRIVATE_EXTERN = NO;
				GCC_WARN_64_TO_32_BIT_CONVERSION = YES;
				GCC_WARN_ABOUT_RETURN_TYPE = YES_ERROR;
				GCC_WARN_UNDECLARED_SELECTOR = YES;
				GCC_WARN_UNINITIALIZED_AUTOS = YES;
				GCC_WARN_UNUSED_FUNCTION = YES;
				GCC_WARN_UNUSED_VARIABLE = YES;
				IPHONEOS_DEPLOYMENT_TARGET = 7.0;
				ONLY_ACTIVE_ARCH = YES;
				SDKROOT = iphoneos;
			};
			name = Debug;
		};
		1F77950C18516C9B004C07BB /* Release */ = {
			isa = XCBuildConfiguration;
			buildSettings = {
				ALWAYS_SEARCH_USER_PATHS = NO;
				ARCHS = "$(ARCHS_STANDARD_INCLUDING_64_BIT)";
				CLANG_CXX_LANGUAGE_STANDARD = "gnu++0x";
				CLANG_CXX_LIBRARY = "libc++";
				CLANG_ENABLE_MODULES = YES;
				CLANG_ENABLE_OBJC_ARC = YES;
				CLANG_WARN_BOOL_CONVERSION = YES;
				CLANG_WARN_CONSTANT_CONVERSION = YES;
				CLANG_WARN_DIRECT_OBJC_ISA_USAGE = YES_ERROR;
				CLANG_WARN_EMPTY_BODY = YES;
				CLANG_WARN_ENUM_CONVERSION = YES;
				CLANG_WARN_INT_CONVERSION = YES;
				CLANG_WARN_OBJC_ROOT_CLASS = YES_ERROR;
				CLANG_WARN__DUPLICATE_METHOD_MATCH = YES;
				"CODE_SIGN_IDENTITY[sdk=iphoneos*]" = "iPhone Developer";
				COPY_PHASE_STRIP = YES;
				ENABLE_NS_ASSERTIONS = NO;
				GCC_C_LANGUAGE_STANDARD = gnu99;
				GCC_WARN_64_TO_32_BIT_CONVERSION = YES;
				GCC_WARN_ABOUT_RETURN_TYPE = YES_ERROR;
				GCC_WARN_UNDECLARED_SELECTOR = YES;
				GCC_WARN_UNINITIALIZED_AUTOS = YES;
				GCC_WARN_UNUSED_FUNCTION = YES;
				GCC_WARN_UNUSED_VARIABLE = YES;
				IPHONEOS_DEPLOYMENT_TARGET = 7.0;
				SDKROOT = iphoneos;
				VALIDATE_PRODUCT = YES;
			};
			name = Release;
		};
		1F77950E18516C9B004C07BB /* Debug */ = {
			isa = XCBuildConfiguration;
			baseConfigurationReference = 681022C31FC247ED98F2E63D /* Pods-NXVLogFormatterSample.xcconfig */;
			buildSettings = {
				ASSETCATALOG_COMPILER_APPICON_NAME = AppIcon;
				ASSETCATALOG_COMPILER_LAUNCHIMAGE_NAME = LaunchImage;
				GCC_PRECOMPILE_PREFIX_HEADER = YES;
				GCC_PREFIX_HEADER = "NXVLogFormatterSample/NXVLogFormatterSample-Prefix.pch";
				INFOPLIST_FILE = "NXVLogFormatterSample/NXVLogFormatterSample-Info.plist";
				PRODUCT_NAME = "$(TARGET_NAME)";
				WRAPPER_EXTENSION = app;
			};
			name = Debug;
		};
		1F77950F18516C9B004C07BB /* Release */ = {
			isa = XCBuildConfiguration;
			baseConfigurationReference = 681022C31FC247ED98F2E63D /* Pods-NXVLogFormatterSample.xcconfig */;
			buildSettings = {
				ASSETCATALOG_COMPILER_APPICON_NAME = AppIcon;
				ASSETCATALOG_COMPILER_LAUNCHIMAGE_NAME = LaunchImage;
				GCC_PRECOMPILE_PREFIX_HEADER = YES;
				GCC_PREFIX_HEADER = "NXVLogFormatterSample/NXVLogFormatterSample-Prefix.pch";
				INFOPLIST_FILE = "NXVLogFormatterSample/NXVLogFormatterSample-Info.plist";
				PRODUCT_NAME = "$(TARGET_NAME)";
				WRAPPER_EXTENSION = app;
			};
			name = Release;
		};
		1F77951118516C9B004C07BB /* Debug */ = {
			isa = XCBuildConfiguration;
			buildSettings = {
				ARCHS = "$(ARCHS_STANDARD_INCLUDING_64_BIT)";
				BUNDLE_LOADER = "$(BUILT_PRODUCTS_DIR)/NXVLogFormatterSample.app/NXVLogFormatterSample";
				FRAMEWORK_SEARCH_PATHS = (
					"$(SDKROOT)/Developer/Library/Frameworks",
					"$(inherited)",
					"$(DEVELOPER_FRAMEWORKS_DIR)",
				);
				GCC_PRECOMPILE_PREFIX_HEADER = YES;
				GCC_PREFIX_HEADER = "NXVLogFormatterSample/NXVLogFormatterSample-Prefix.pch";
				GCC_PREPROCESSOR_DEFINITIONS = (
					"DEBUG=1",
					"$(inherited)",
				);
				INFOPLIST_FILE = "NXVLogFormatterSampleTests/NXVLogFormatterSampleTests-Info.plist";
				PRODUCT_NAME = "$(TARGET_NAME)";
				TEST_HOST = "$(BUNDLE_LOADER)";
				WRAPPER_EXTENSION = xctest;
			};
			name = Debug;
		};
		1F77951218516C9B004C07BB /* Release */ = {
			isa = XCBuildConfiguration;
			buildSettings = {
				ARCHS = "$(ARCHS_STANDARD_INCLUDING_64_BIT)";
				BUNDLE_LOADER = "$(BUILT_PRODUCTS_DIR)/NXVLogFormatterSample.app/NXVLogFormatterSample";
				FRAMEWORK_SEARCH_PATHS = (
					"$(SDKROOT)/Developer/Library/Frameworks",
					"$(inherited)",
					"$(DEVELOPER_FRAMEWORKS_DIR)",
				);
				GCC_PRECOMPILE_PREFIX_HEADER = YES;
				GCC_PREFIX_HEADER = "NXVLogFormatterSample/NXVLogFormatterSample-Prefix.pch";
				INFOPLIST_FILE = "NXVLogFormatterSampleTests/NXVLogFormatterSampleTests-Info.plist";
				PRODUCT_NAME = "$(TARGET_NAME)";
				TEST_HOST = "$(BUNDLE_LOADER)";
				WRAPPER_EXTENSION = xctest;
			};
			name = Release;
		};
/* End XCBuildConfiguration section */

/* Begin XCConfigurationList section */
		1F7794DC18516C9A004C07BB /* Build configuration list for PBXProject "NXVLogFormatterSample" */ = {
			isa = XCConfigurationList;
			buildConfigurations = (
				1F77950B18516C9B004C07BB /* Debug */,
				1F77950C18516C9B004C07BB /* Release */,
			);
			defaultConfigurationIsVisible = 0;
			defaultConfigurationName = Release;
		};
		1F77950D18516C9B004C07BB /* Build configuration list for PBXNativeTarget "NXVLogFormatterSample" */ = {
			isa = XCConfigurationList;
			buildConfigurations = (
				1F77950E18516C9B004C07BB /* Debug */,
				1F77950F18516C9B004C07BB /* Release */,
			);
			defaultConfigurationIsVisible = 0;
			defaultConfigurationName = Release;
		};
		1F77951018516C9B004C07BB /* Build configuration list for PBXNativeTarget "NXVLogFormatterSampleTests" */ = {
			isa = XCConfigurationList;
			buildConfigurations = (
				1F77951118516C9B004C07BB /* Debug */,
				1F77951218516C9B004C07BB /* Release */,
			);
			defaultConfigurationIsVisible = 0;
			defaultConfigurationName = Release;
		};
/* End XCConfigurationList section */
	};
	rootObject = 1F7794D918516C9A004C07BB /* Project object */;
}
